// !$*UTF8*$!
{
	archiveVersion = 1;
	classes = {
	};
	objectVersion = 46;
	objects = {

/* Begin PBXBuildFile section */
		2974EFB81CA80554002F2A89 /* AppDelegate.swift in Sources */ = {isa = PBXBuildFile; fileRef = 2974EFB71CA80554002F2A89 /* AppDelegate.swift */; };
		2974EFBA1CA80554002F2A89 /* ViewController.swift in Sources */ = {isa = PBXBuildFile; fileRef = 2974EFB91CA80554002F2A89 /* ViewController.swift */; };
		2974EFBD1CA80554002F2A89 /* Main.storyboard in Resources */ = {isa = PBXBuildFile; fileRef = 2974EFBB1CA80554002F2A89 /* Main.storyboard */; };
		2974EFBF1CA80554002F2A89 /* Assets.xcassets in Resources */ = {isa = PBXBuildFile; fileRef = 2974EFBE1CA80554002F2A89 /* Assets.xcassets */; };
		2974EFC21CA80554002F2A89 /* LaunchScreen.storyboard in Resources */ = {isa = PBXBuildFile; fileRef = 2974EFC01CA80554002F2A89 /* LaunchScreen.storyboard */; };
		2974EFCA1CA806FE002F2A89 /* pokemon.csv in Resources */ = {isa = PBXBuildFile; fileRef = 2974EFC91CA806FE002F2A89 /* pokemon.csv */; };
		2974EFCF1CA807E4002F2A89 /* Pokemon.swift in Sources */ = {isa = PBXBuildFile; fileRef = 2974EFCE1CA807E4002F2A89 /* Pokemon.swift */; };
		2974EFD21CA80D3B002F2A89 /* PokeCell.swift in Sources */ = {isa = PBXBuildFile; fileRef = 2974EFD11CA80D3B002F2A89 /* PokeCell.swift */; };
		2974EFD41CA813CE002F2A89 /* csv.swift in Sources */ = {isa = PBXBuildFile; fileRef = 2974EFD31CA813CE002F2A89 /* csv.swift */; };
		2974EFD81CA81755002F2A89 /* pokemon.ttf in Resources */ = {isa = PBXBuildFile; fileRef = 2974EFD71CA81755002F2A89 /* pokemon.ttf */; };
		2974EFDA1CA81AA3002F2A89 /* music.mp3 in Resources */ = {isa = PBXBuildFile; fileRef = 2974EFD91CA81AA3002F2A89 /* music.mp3 */; };
		2974EFDC1CA8237C002F2A89 /* PokemonDetailVC.swift in Sources */ = {isa = PBXBuildFile; fileRef = 2974EFDB1CA8237C002F2A89 /* PokemonDetailVC.swift */; };
		298819621CA84BB30069EABC /* Constants.swift in Sources */ = {isa = PBXBuildFile; fileRef = 298819611CA84BB30069EABC /* Constants.swift */; };
		BA890D9ACB2393A917D33549 /* Pods_pokedex.framework in Frameworks */ = {isa = PBXBuildFile; fileRef = 77314E67712F3B5D033A9525 /* Pods_pokedex.framework */; settings = {ATTRIBUTES = (Weak, ); }; };
/* End PBXBuildFile section */

/* Begin PBXFileReference section */
		2974EFB41CA80554002F2A89 /* pokedex.app */ = {isa = PBXFileReference; explicitFileType = wrapper.application; includeInIndex = 0; path = pokedex.app; sourceTree = BUILT_PRODUCTS_DIR; };
		2974EFB71CA80554002F2A89 /* AppDelegate.swift */ = {isa = PBXFileReference; lastKnownFileType = sourcecode.swift; path = AppDelegate.swift; sourceTree = "<group>"; };
		2974EFB91CA80554002F2A89 /* ViewController.swift */ = {isa = PBXFileReference; lastKnownFileType = sourcecode.swift; path = ViewController.swift; sourceTree = "<group>"; };
		2974EFBC1CA80554002F2A89 /* Base */ = {isa = PBXFileReference; lastKnownFileType = file.storyboard; name = Base; path = Base.lproj/Main.storyboard; sourceTree = "<group>"; };
		2974EFBE1CA80554002F2A89 /* Assets.xcassets */ = {isa = PBXFileReference; lastKnownFileType = folder.assetcatalog; path = Assets.xcassets; sourceTree = "<group>"; };
		2974EFC11CA80554002F2A89 /* Base */ = {isa = PBXFileReference; lastKnownFileType = file.storyboard; name = Base; path = Base.lproj/LaunchScreen.storyboard; sourceTree = "<group>"; };
		2974EFC31CA80554002F2A89 /* Info.plist */ = {isa = PBXFileReference; lastKnownFileType = text.plist.xml; path = Info.plist; sourceTree = "<group>"; };
		2974EFC91CA806FE002F2A89 /* pokemon.csv */ = {isa = PBXFileReference; fileEncoding = 4; lastKnownFileType = text; path = pokemon.csv; sourceTree = "<group>"; };
		2974EFCE1CA807E4002F2A89 /* Pokemon.swift */ = {isa = PBXFileReference; fileEncoding = 4; lastKnownFileType = sourcecode.swift; path = Pokemon.swift; sourceTree = "<group>"; };
		2974EFD11CA80D3B002F2A89 /* PokeCell.swift */ = {isa = PBXFileReference; fileEncoding = 4; lastKnownFileType = sourcecode.swift; path = PokeCell.swift; sourceTree = "<group>"; };
		2974EFD31CA813CE002F2A89 /* csv.swift */ = {isa = PBXFileReference; fileEncoding = 4; lastKnownFileType = sourcecode.swift; path = csv.swift; sourceTree = "<group>"; };
		2974EFD71CA81755002F2A89 /* pokemon.ttf */ = {isa = PBXFileReference; lastKnownFileType = file; path = pokemon.ttf; sourceTree = "<group>"; };
		2974EFD91CA81AA3002F2A89 /* music.mp3 */ = {isa = PBXFileReference; lastKnownFileType = audio.mp3; path = music.mp3; sourceTree = "<group>"; };
		2974EFDB1CA8237C002F2A89 /* PokemonDetailVC.swift */ = {isa = PBXFileReference; fileEncoding = 4; lastKnownFileType = sourcecode.swift; path = PokemonDetailVC.swift; sourceTree = "<group>"; };
		298819611CA84BB30069EABC /* Constants.swift */ = {isa = PBXFileReference; fileEncoding = 4; lastKnownFileType = sourcecode.swift; path = Constants.swift; sourceTree = "<group>"; };
		75BAFDBA9B9C8DF850B2984D /* Pods-pokedex.debug.xcconfig */ = {isa = PBXFileReference; includeInIndex = 1; lastKnownFileType = text.xcconfig; name = "Pods-pokedex.debug.xcconfig"; path = "Pods/Target Support Files/Pods-pokedex/Pods-pokedex.debug.xcconfig"; sourceTree = "<group>"; };
		77314E67712F3B5D033A9525 /* Pods_pokedex.framework */ = {isa = PBXFileReference; explicitFileType = wrapper.framework; includeInIndex = 0; path = Pods_pokedex.framework; sourceTree = BUILT_PRODUCTS_DIR; };
		E8AE059562585E2CC78211FA /* Pods-pokedex.release.xcconfig */ = {isa = PBXFileReference; includeInIndex = 1; lastKnownFileType = text.xcconfig; name = "Pods-pokedex.release.xcconfig"; path = "Pods/Target Support Files/Pods-pokedex/Pods-pokedex.release.xcconfig"; sourceTree = "<group>"; };
/* End PBXFileReference section */

/* Begin PBXFrameworksBuildPhase section */
		2974EFB11CA80554002F2A89 /* Frameworks */ = {
			isa = PBXFrameworksBuildPhase;
			buildActionMask = 2147483647;
			files = (
				BA890D9ACB2393A917D33549 /* Pods_pokedex.framework in Frameworks */,
			);
			runOnlyForDeploymentPostprocessing = 0;
		};
/* End PBXFrameworksBuildPhase section */

/* Begin PBXGroup section */
		0890AECEA8B57CB339DF8A79 /* Pods */ = {
			isa = PBXGroup;
			children = (
				75BAFDBA9B9C8DF850B2984D /* Pods-pokedex.debug.xcconfig */,
				E8AE059562585E2CC78211FA /* Pods-pokedex.release.xcconfig */,
			);
			name = Pods;
			sourceTree = "<group>";
		};
		2974EFAB1CA80554002F2A89 = {
			isa = PBXGroup;
			children = (
				2974EFB61CA80554002F2A89 /* pokedex */,
				2974EFB51CA80554002F2A89 /* Products */,
				0890AECEA8B57CB339DF8A79 /* Pods */,
				825F87FDC1591C676AB550BB /* Frameworks */,
			);
			sourceTree = "<group>";
		};
		2974EFB51CA80554002F2A89 /* Products */ = {
			isa = PBXGroup;
			children = (
				2974EFB41CA80554002F2A89 /* pokedex.app */,
			);
			name = Products;
			sourceTree = "<group>";
		};
		2974EFB61CA80554002F2A89 /* pokedex */ = {
			isa = PBXGroup;
			children = (
				2974EFD61CA8140C002F2A89 /* Resources */,
				2974EFD51CA813F4002F2A89 /* Utilities */,
				2974EFCD1CA807D5002F2A89 /* Controllers */,
				2974EFCC1CA807D1002F2A89 /* Views */,
				2974EFCB1CA807CE002F2A89 /* Models */,
				2974EFB71CA80554002F2A89 /* AppDelegate.swift */,
				2974EFBE1CA80554002F2A89 /* Assets.xcassets */,
				2974EFC31CA80554002F2A89 /* Info.plist */,
			);
			path = pokedex;
			sourceTree = "<group>";
		};
		2974EFCB1CA807CE002F2A89 /* Models */ = {
			isa = PBXGroup;
			children = (
				2974EFCE1CA807E4002F2A89 /* Pokemon.swift */,
			);
			name = Models;
			sourceTree = "<group>";
		};
		2974EFCC1CA807D1002F2A89 /* Views */ = {
			isa = PBXGroup;
			children = (
				2974EFBB1CA80554002F2A89 /* Main.storyboard */,
				2974EFC01CA80554002F2A89 /* LaunchScreen.storyboard */,
				2974EFD11CA80D3B002F2A89 /* PokeCell.swift */,
			);
			name = Views;
			sourceTree = "<group>";
		};
		2974EFCD1CA807D5002F2A89 /* Controllers */ = {
			isa = PBXGroup;
			children = (
				2974EFB91CA80554002F2A89 /* ViewController.swift */,
				2974EFDB1CA8237C002F2A89 /* PokemonDetailVC.swift */,
			);
			name = Controllers;
			sourceTree = "<group>";
		};
		2974EFD51CA813F4002F2A89 /* Utilities */ = {
			isa = PBXGroup;
			children = (
				2974EFD31CA813CE002F2A89 /* csv.swift */,
				298819611CA84BB30069EABC /* Constants.swift */,
			);
			name = Utilities;
			sourceTree = "<group>";
		};
		2974EFD61CA8140C002F2A89 /* Resources */ = {
			isa = PBXGroup;
			children = (
				2974EFC91CA806FE002F2A89 /* pokemon.csv */,
				2974EFD71CA81755002F2A89 /* pokemon.ttf */,
				2974EFD91CA81AA3002F2A89 /* music.mp3 */,
			);
			name = Resources;
			sourceTree = "<group>";
		};
		825F87FDC1591C676AB550BB /* Frameworks */ = {
			isa = PBXGroup;
			children = (
				77314E67712F3B5D033A9525 /* Pods_pokedex.framework */,
			);
			name = Frameworks;
			sourceTree = "<group>";
		};
/* End PBXGroup section */

/* Begin PBXNativeTarget section */
		2974EFB31CA80554002F2A89 /* pokedex */ = {
			isa = PBXNativeTarget;
			buildConfigurationList = 2974EFC61CA80554002F2A89 /* Build configuration list for PBXNativeTarget "pokedex" */;
			buildPhases = (
				012A4F76E85B03AB10F27274 /* Check Pods Manifest.lock */,
				2974EFB01CA80554002F2A89 /* Sources */,
				2974EFB11CA80554002F2A89 /* Frameworks */,
				2974EFB21CA80554002F2A89 /* Resources */,
				B0CC4BBCBA129BE6808645C4 /* Embed Pods Frameworks */,
				E34AD75212032514B11C681C /* Copy Pods Resources */,
			);
			buildRules = (
			);
			dependencies = (
			);
			name = pokedex;
			productName = pokedex;
			productReference = 2974EFB41CA80554002F2A89 /* pokedex.app */;
			productType = "com.apple.product-type.application";
		};
/* End PBXNativeTarget section */

/* Begin PBXProject section */
		2974EFAC1CA80554002F2A89 /* Project object */ = {
			isa = PBXProject;
			attributes = {
				LastSwiftUpdateCheck = 0730;
				LastUpgradeCheck = 0730;
				ORGANIZATIONNAME = testApps;
				TargetAttributes = {
					2974EFB31CA80554002F2A89 = {
						CreatedOnToolsVersion = 7.3;
					};
				};
			};
			buildConfigurationList = 2974EFAF1CA80554002F2A89 /* Build configuration list for PBXProject "pokedex" */;
			compatibilityVersion = "Xcode 3.2";
			developmentRegion = English;
			hasScannedForEncodings = 0;
			knownRegions = (
				en,
				Base,
			);
			mainGroup = 2974EFAB1CA80554002F2A89;
			productRefGroup = 2974EFB51CA80554002F2A89 /* Products */;
			projectDirPath = "";
			projectRoot = "";
			targets = (
				2974EFB31CA80554002F2A89 /* pokedex */,
			);
		};
/* End PBXProject section */

/* Begin PBXResourcesBuildPhase section */
		2974EFB21CA80554002F2A89 /* Resources */ = {
			isa = PBXResourcesBuildPhase;
			buildActionMask = 2147483647;
			files = (
				2974EFD81CA81755002F2A89 /* pokemon.ttf in Resources */,
				2974EFC21CA80554002F2A89 /* LaunchScreen.storyboard in Resources */,
				2974EFDA1CA81AA3002F2A89 /* music.mp3 in Resources */,
				2974EFBF1CA80554002F2A89 /* Assets.xcassets in Resources */,
				2974EFCA1CA806FE002F2A89 /* pokemon.csv in Resources */,
				2974EFBD1CA80554002F2A89 /* Main.storyboard in Resources */,
			);
			runOnlyForDeploymentPostprocessing = 0;
		};
/* End PBXResourcesBuildPhase section */

/* Begin PBXShellScriptBuildPhase section */
		012A4F76E85B03AB10F27274 /* Check Pods Manifest.lock */ = {
			isa = PBXShellScriptBuildPhase;
			buildActionMask = 2147483647;
			files = (
			);
			inputPaths = (
			);
			name = "Check Pods Manifest.lock";
			outputPaths = (
			);
			runOnlyForDeploymentPostprocessing = 0;
			shellPath = /bin/sh;
			shellScript = "diff \"${PODS_ROOT}/../Podfile.lock\" \"${PODS_ROOT}/Manifest.lock\" > /dev/null\nif [[ $? != 0 ]] ; then\n    cat << EOM\nerror: The sandbox is not in sync with the Podfile.lock. Run 'pod install' or update your CocoaPods installation.\nEOM\n    exit 1\nfi\n";
			showEnvVarsInLog = 0;
		};
		B0CC4BBCBA129BE6808645C4 /* Embed Pods Frameworks */ = {
			isa = PBXShellScriptBuildPhase;
			buildActionMask = 2147483647;
			files = (
			);
			inputPaths = (
			);
			name = "Embed Pods Frameworks";
			outputPaths = (
			);
			runOnlyForDeploymentPostprocessing = 0;
			shellPath = /bin/sh;
			shellScript = "\"${SRCROOT}/Pods/Target Support Files/Pods-pokedex/Pods-pokedex-frameworks.sh\"\n";
			showEnvVarsInLog = 0;
		};
		E34AD75212032514B11C681C /* Copy Pods Resources */ = {
			isa = PBXShellScriptBuildPhase;
			buildActionMask = 2147483647;
			files = (
			);
			inputPaths = (
			);
			name = "Copy Pods Resources";
			outputPaths = (
			);
			runOnlyForDeploymentPostprocessing = 0;
			shellPath = /bin/sh;
			shellScript = "\"${SRCROOT}/Pods/Target Support Files/Pods-pokedex/Pods-pokedex-resources.sh\"\n";
			showEnvVarsInLog = 0;
		};
/* End PBXShellScriptBuildPhase section */

/* Begin PBXSourcesBuildPhase section */
		2974EFB01CA80554002F2A89 /* Sources */ = {
			isa = PBXSourcesBuildPhase;
			buildActionMask = 2147483647;
			files = (
				2974EFD21CA80D3B002F2A89 /* PokeCell.swift in Sources */,
				2974EFBA1CA80554002F2A89 /* ViewController.swift in Sources */,
				2974EFB81CA80554002F2A89 /* AppDelegate.swift in Sources */,
				2974EFDC1CA8237C002F2A89 /* PokemonDetailVC.swift in Sources */,
				298819621CA84BB30069EABC /* Constants.swift in Sources */,
				2974EFCF1CA807E4002F2A89 /* Pokemon.swift in Sources */,
				2974EFD41CA813CE002F2A89 /* csv.swift in Sources */,
			);
			runOnlyForDeploymentPostprocessing = 0;
		};
/* End PBXSourcesBuildPhase section */

/* Begin PBXVariantGroup section */
		2974EFBB1CA80554002F2A89 /* Main.storyboard */ = {
			isa = PBXVariantGroup;
			children = (
				2974EFBC1CA80554002F2A89 /* Base */,
			);
			name = Main.storyboard;
			sourceTree = "<group>";
		};
		2974EFC01CA80554002F2A89 /* LaunchScreen.storyboard */ = {
			isa = PBXVariantGroup;
			children = (
				2974EFC11CA80554002F2A89 /* Base */,
			);
			name = LaunchScreen.storyboard;
			sourceTree = "<group>";
		};
/* End PBXVariantGroup section */

/* Begin XCBuildConfiguration section */
		2974EFC41CA80554002F2A89 /* Debug */ = {
			isa = XCBuildConfiguration;
			buildSettings = {
				ALWAYS_SEARCH_USER_PATHS = NO;
				CLANG_ANALYZER_NONNULL = YES;
				CLANG_CXX_LANGUAGE_STANDARD = "gnu++0x";
				CLANG_CXX_LIBRARY = "libc++";
				CLANG_ENABLE_MODULES = YES;
				CLANG_ENABLE_OBJC_ARC = YES;
				CLANG_WARN_BOOL_CONVERSION = YES;
				CLANG_WARN_CONSTANT_CONVERSION = YES;
				CLANG_WARN_DIRECT_OBJC_ISA_USAGE = YES_ERROR;
				CLANG_WARN_EMPTY_BODY = YES;
				CLANG_WARN_ENUM_CONVERSION = YES;
				CLANG_WARN_INT_CONVERSION = YES;
				CLANG_WARN_OBJC_ROOT_CLASS = YES_ERROR;
				CLANG_WARN_UNREACHABLE_CODE = YES;
				CLANG_WARN__DUPLICATE_METHOD_MATCH = YES;
				"CODE_SIGN_IDENTITY[sdk=iphoneos*]" = "iPhone Developer";
				COPY_PHASE_STRIP = NO;
				DEBUG_INFORMATION_FORMAT = dwarf;
				ENABLE_STRICT_OBJC_MSGSEND = YES;
				ENABLE_TESTABILITY = YES;
				GCC_C_LANGUAGE_STANDARD = gnu99;
				GCC_DYNAMIC_NO_PIC = NO;
				GCC_NO_COMMON_BLOCKS = YES;
				GCC_OPTIMIZATION_LEVEL = 0;
				GCC_PREPROCESSOR_DEFINITIONS = (
					"DEBUG=1",
					"$(inherited)",
				);
				GCC_WARN_64_TO_32_BIT_CONVERSION = YES;
				GCC_WARN_ABOUT_RETURN_TYPE = YES_ERROR;
				GCC_WARN_UNDECLARED_SELECTOR = YES;
				GCC_WARN_UNINITIALIZED_AUTOS = YES_AGGRESSIVE;
				GCC_WARN_UNUSED_FUNCTION = YES;
				GCC_WARN_UNUSED_VARIABLE = YES;
				IPHONEOS_DEPLOYMENT_TARGET = 9.3;
				MTL_ENABLE_DEBUG_INFO = YES;
				ONLY_ACTIVE_ARCH = YES;
				SDKROOT = iphoneos;
				SWIFT_OPTIMIZATION_LEVEL = "-Onone";
				TARGETED_DEVICE_FAMILY = "1,2";
			};
			name = Debug;
		};
		2974EFC51CA80554002F2A89 /* Release */ = {
			isa = XCBuildConfiguration;
			buildSettings = {
				ALWAYS_SEARCH_USER_PATHS = NO;
				CLANG_ANALYZER_NONNULL = YES;
				CLANG_CXX_LANGUAGE_STANDARD = "gnu++0x";
				CLANG_CXX_LIBRARY = "libc++";
				CLANG_ENABLE_MODULES = YES;
				CLANG_ENABLE_OBJC_ARC = YES;
				CLANG_WARN_BOOL_CONVERSION = YES;
				CLANG_WARN_CONSTANT_CONVERSION = YES;
				CLANG_WARN_DIRECT_OBJC_ISA_USAGE = YES_ERROR;
				CLANG_WARN_EMPTY_BODY = YES;
				CLANG_WARN_ENUM_CONVERSION = YES;
				CLANG_WARN_INT_CONVERSION = YES;
				CLANG_WARN_OBJC_ROOT_CLASS = YES_ERROR;
				CLANG_WARN_UNREACHABLE_CODE = YES;
				CLANG_WARN__DUPLICATE_METHOD_MATCH = YES;
				"CODE_SIGN_IDENTITY[sdk=iphoneos*]" = "iPhone Developer";
				COPY_PHASE_STRIP = NO;
				DEBUG_INFORMATION_FORMAT = "dwarf-with-dsym";
				ENABLE_NS_ASSERTIONS = NO;
				ENABLE_STRICT_OBJC_MSGSEND = YES;
				GCC_C_LANGUAGE_STANDARD = gnu99;
				GCC_NO_COMMON_BLOCKS = YES;
				GCC_WARN_64_TO_32_BIT_CONVERSION = YES;
				GCC_WARN_ABOUT_RETURN_TYPE = YES_ERROR;
				GCC_WARN_UNDECLARED_SELECTOR = YES;
				GCC_WARN_UNINITIALIZED_AUTOS = YES_AGGRESSIVE;
				GCC_WARN_UNUSED_FUNCTION = YES;
				GCC_WARN_UNUSED_VARIABLE = YES;
				IPHONEOS_DEPLOYMENT_TARGET = 9.3;
				MTL_ENABLE_DEBUG_INFO = NO;
				SDKROOT = iphoneos;
				TARGETED_DEVICE_FAMILY = "1,2";
				VALIDATE_PRODUCT = YES;
			};
			name = Release;
		};
		2974EFC71CA80554002F2A89 /* Debug */ = {
			isa = XCBuildConfiguration;
			baseConfigurationReference = 75BAFDBA9B9C8DF850B2984D /* Pods-pokedex.debug.xcconfig */;
			buildSettings = {
				ASSETCATALOG_COMPILER_APPICON_NAME = AppIcon;
				INFOPLIST_FILE = pokedex/Info.plist;
				LD_RUNPATH_SEARCH_PATHS = "$(inherited) @executable_path/Frameworks";
				PRODUCT_BUNDLE_IDENTIFIER = com.testapps.pokedex;
				PRODUCT_NAME = "$(TARGET_NAME)";
			};
			name = Debug;
		};
		2974EFC81CA80554002F2A89 /* Release */ = {
			isa = XCBuildConfiguration;
			baseConfigurationReference = E8AE059562585E2CC78211FA /* Pods-pokedex.release.xcconfig */;
			buildSettings = {
				ASSETCATALOG_COMPILER_APPICON_NAME = AppIcon;
				INFOPLIST_FILE = pokedex/Info.plist;
				LD_RUNPATH_SEARCH_PATHS = "$(inherited) @executable_path/Frameworks";
				PRODUCT_BUNDLE_IDENTIFIER = com.testapps.pokedex;
				PRODUCT_NAME = "$(TARGET_NAME)";
			};
			name = Release;
		};
/* End XCBuildConfiguration section */

/* Begin XCConfigurationList section */
		2974EFAF1CA80554002F2A89 /* Build configuration list for PBXProject "pokedex" */ = {
			isa = XCConfigurationList;
			buildConfigurations = (
				2974EFC41CA80554002F2A89 /* Debug */,
				2974EFC51CA80554002F2A89 /* Release */,
			);
			defaultConfigurationIsVisible = 0;
			defaultConfigurationName = Release;
		};
		2974EFC61CA80554002F2A89 /* Build configuration list for PBXNativeTarget "pokedex" */ = {
			isa = XCConfigurationList;
			buildConfigurations = (
				2974EFC71CA80554002F2A89 /* Debug */,
				2974EFC81CA80554002F2A89 /* Release */,
			);
			defaultConfigurationIsVisible = 0;
			defaultConfigurationName = Release;
		};
/* End XCConfigurationList section */
	};
	rootObject = 2974EFAC1CA80554002F2A89 /* Project object */;
}
